// !$*UTF8*$!
{
	archiveVersion = 1;
	classes = {
	};
	objectVersion = 46;
	objects = {

/* Begin PBXBuildFile section */
		AA61A68F1EA1708900E65595 /* main.m in Sources */ = {isa = PBXBuildFile; fileRef = AA61A68E1EA1708900E65595 /* main.m */; };
		AA61A6921EA1708A00E65595 /* AppDelegate.m in Sources */ = {isa = PBXBuildFile; fileRef = AA61A6911EA1708A00E65595 /* AppDelegate.m */; };
		AA61A6981EA1708B00E65595 /* Main.storyboard in Resources */ = {isa = PBXBuildFile; fileRef = AA61A6961EA1708B00E65595 /* Main.storyboard */; };
		AA61A69A1EA1708B00E65595 /* Assets.xcassets in Resources */ = {isa = PBXBuildFile; fileRef = AA61A6991EA1708B00E65595 /* Assets.xcassets */; };
		AA61A69D1EA1708B00E65595 /* LaunchScreen.storyboard in Resources */ = {isa = PBXBuildFile; fileRef = AA61A69B1EA1708B00E65595 /* LaunchScreen.storyboard */; };
		AA61A6A81EA1708D00E65595 /* LondonLandmarksTests.m in Sources */ = {isa = PBXBuildFile; fileRef = AA61A6A71EA1708D00E65595 /* LondonLandmarksTests.m */; };
		AA61A6B31EA1708E00E65595 /* LondonLandmarksUITests.m in Sources */ = {isa = PBXBuildFile; fileRef = AA61A6B21EA1708E00E65595 /* LondonLandmarksUITests.m */; };
		AAA45D931EA175230031AFE9 /* TableViewController.m in Sources */ = {isa = PBXBuildFile; fileRef = AAA45D921EA175230031AFE9 /* TableViewController.m */; };
		AAA45D961EA175360031AFE9 /* TableViewCell.m in Sources */ = {isa = PBXBuildFile; fileRef = AAA45D951EA175360031AFE9 /* TableViewCell.m */; };
		AAD408791EA1963800261097 /* DetailViewController.m in Sources */ = {isa = PBXBuildFile; fileRef = AAD408781EA1963800261097 /* DetailViewController.m */; };
		AAD4087C1EA197D300261097 /* MapKit.framework in Frameworks */ = {isa = PBXBuildFile; fileRef = AAD4087B1EA197D300261097 /* MapKit.framework */; };
/* End PBXBuildFile section */

/* Begin PBXContainerItemProxy section */
		AA61A6A41EA1708C00E65595 /* PBXContainerItemProxy */ = {
			isa = PBXContainerItemProxy;
			containerPortal = AA61A6821EA1708900E65595 /* Project object */;
			proxyType = 1;
			remoteGlobalIDString = AA61A6891EA1708900E65595;
			remoteInfo = LondonLandmarks;
		};
		AA61A6AF1EA1708E00E65595 /* PBXContainerItemProxy */ = {
			isa = PBXContainerItemProxy;
			containerPortal = AA61A6821EA1708900E65595 /* Project object */;
			proxyType = 1;
			remoteGlobalIDString = AA61A6891EA1708900E65595;
			remoteInfo = LondonLandmarks;
		};
/* End PBXContainerItemProxy section */

/* Begin PBXFileReference section */
		AA61A68A1EA1708900E65595 /* LondonLandmarks.app */ = {isa = PBXFileReference; explicitFileType = wrapper.application; includeInIndex = 0; path = LondonLandmarks.app; sourceTree = BUILT_PRODUCTS_DIR; };
		AA61A68E1EA1708900E65595 /* main.m */ = {isa = PBXFileReference; lastKnownFileType = sourcecode.c.objc; path = main.m; sourceTree = "<group>"; };
		AA61A6901EA1708A00E65595 /* AppDelegate.h */ = {isa = PBXFileReference; lastKnownFileType = sourcecode.c.h; path = AppDelegate.h; sourceTree = "<group>"; };
		AA61A6911EA1708A00E65595 /* AppDelegate.m */ = {isa = PBXFileReference; lastKnownFileType = sourcecode.c.objc; path = AppDelegate.m; sourceTree = "<group>"; };
		AA61A6971EA1708B00E65595 /* Base */ = {isa = PBXFileReference; lastKnownFileType = file.storyboard; name = Base; path = Base.lproj/Main.storyboard; sourceTree = "<group>"; };
		AA61A6991EA1708B00E65595 /* Assets.xcassets */ = {isa = PBXFileReference; lastKnownFileType = folder.assetcatalog; path = Assets.xcassets; sourceTree = "<group>"; };
		AA61A69C1EA1708B00E65595 /* Base */ = {isa = PBXFileReference; lastKnownFileType = file.storyboard; name = Base; path = Base.lproj/LaunchScreen.storyboard; sourceTree = "<group>"; };
		AA61A69E1EA1708B00E65595 /* Info.plist */ = {isa = PBXFileReference; lastKnownFileType = text.plist.xml; path = Info.plist; sourceTree = "<group>"; };
		AA61A6A31EA1708C00E65595 /* LondonLandmarksTests.xctest */ = {isa = PBXFileReference; explicitFileType = wrapper.cfbundle; includeInIndex = 0; path = LondonLandmarksTests.xctest; sourceTree = BUILT_PRODUCTS_DIR; };
		AA61A6A71EA1708D00E65595 /* LondonLandmarksTests.m */ = {isa = PBXFileReference; lastKnownFileType = sourcecode.c.objc; path = LondonLandmarksTests.m; sourceTree = "<group>"; };
		AA61A6A91EA1708E00E65595 /* Info.plist */ = {isa = PBXFileReference; lastKnownFileType = text.plist.xml; path = Info.plist; sourceTree = "<group>"; };
		AA61A6AE1EA1708E00E65595 /* LondonLandmarksUITests.xctest */ = {isa = PBXFileReference; explicitFileType = wrapper.cfbundle; includeInIndex = 0; path = LondonLandmarksUITests.xctest; sourceTree = BUILT_PRODUCTS_DIR; };
		AA61A6B21EA1708E00E65595 /* LondonLandmarksUITests.m */ = {isa = PBXFileReference; lastKnownFileType = sourcecode.c.objc; path = LondonLandmarksUITests.m; sourceTree = "<group>"; };
		AA61A6B41EA1708E00E65595 /* Info.plist */ = {isa = PBXFileReference; lastKnownFileType = text.plist.xml; path = Info.plist; sourceTree = "<group>"; };
		AAA45D911EA175230031AFE9 /* TableViewController.h */ = {isa = PBXFileReference; fileEncoding = 4; lastKnownFileType = sourcecode.c.h; path = TableViewController.h; sourceTree = "<group>"; };
		AAA45D921EA175230031AFE9 /* TableViewController.m */ = {isa = PBXFileReference; fileEncoding = 4; lastKnownFileType = sourcecode.c.objc; path = TableViewController.m; sourceTree = "<group>"; };
		AAA45D941EA175360031AFE9 /* TableViewCell.h */ = {isa = PBXFileReference; fileEncoding = 4; lastKnownFileType = sourcecode.c.h; path = TableViewCell.h; sourceTree = "<group>"; };
		AAA45D951EA175360031AFE9 /* TableViewCell.m */ = {isa = PBXFileReference; fileEncoding = 4; lastKnownFileType = sourcecode.c.objc; path = TableViewCell.m; sourceTree = "<group>"; };
		AAD408771EA1963800261097 /* DetailViewController.h */ = {isa = PBXFileReference; fileEncoding = 4; lastKnownFileType = sourcecode.c.h; path = DetailViewController.h; sourceTree = "<group>"; };
		AAD408781EA1963800261097 /* DetailViewController.m */ = {isa = PBXFileReference; fileEncoding = 4; lastKnownFileType = sourcecode.c.objc; path = DetailViewController.m; sourceTree = "<group>"; };
		AAD4087B1EA197D300261097 /* MapKit.framework */ = {isa = PBXFileReference; lastKnownFileType = wrapper.framework; name = MapKit.framework; path = System/Library/Frameworks/MapKit.framework; sourceTree = SDKROOT; };
/* End PBXFileReference section */

/* Begin PBXFrameworksBuildPhase section */
		AA61A6871EA1708900E65595 /* Frameworks */ = {
			isa = PBXFrameworksBuildPhase;
			buildActionMask = 2147483647;
			files = (
				AAD4087C1EA197D300261097 /* MapKit.framework in Frameworks */,
			);
			runOnlyForDeploymentPostprocessing = 0;
		};
		AA61A6A01EA1708C00E65595 /* Frameworks */ = {
			isa = PBXFrameworksBuildPhase;
			buildActionMask = 2147483647;
			files = (
			);
			runOnlyForDeploymentPostprocessing = 0;
		};
		AA61A6AB1EA1708E00E65595 /* Frameworks */ = {
			isa = PBXFrameworksBuildPhase;
			buildActionMask = 2147483647;
			files = (
			);
			runOnlyForDeploymentPostprocessing = 0;
		};
/* End PBXFrameworksBuildPhase section */

/* Begin PBXGroup section */
		AA61A6811EA1708900E65595 = {
			isa = PBXGroup;
			children = (
				AA61A68C1EA1708900E65595 /* LondonLandmarks */,
				AA61A6A61EA1708C00E65595 /* LondonLandmarksTests */,
				AA61A6B11EA1708E00E65595 /* LondonLandmarksUITests */,
				AA61A68B1EA1708900E65595 /* Products */,
				AAD4087A1EA197D200261097 /* Frameworks */,
			);
			sourceTree = "<group>";
		};
		AA61A68B1EA1708900E65595 /* Products */ = {
			isa = PBXGroup;
			children = (
				AA61A68A1EA1708900E65595 /* LondonLandmarks.app */,
				AA61A6A31EA1708C00E65595 /* LondonLandmarksTests.xctest */,
				AA61A6AE1EA1708E00E65595 /* LondonLandmarksUITests.xctest */,
			);
			name = Products;
			sourceTree = "<group>";
		};
		AA61A68C1EA1708900E65595 /* LondonLandmarks */ = {
			isa = PBXGroup;
			children = (
				AA61A6901EA1708A00E65595 /* AppDelegate.h */,
				AA61A6911EA1708A00E65595 /* AppDelegate.m */,
				AA61A6961EA1708B00E65595 /* Main.storyboard */,
				AA61A6991EA1708B00E65595 /* Assets.xcassets */,
				AA61A69B1EA1708B00E65595 /* LaunchScreen.storyboard */,
				AA61A69E1EA1708B00E65595 /* Info.plist */,
				AA61A68D1EA1708900E65595 /* Supporting Files */,
				AAA45D911EA175230031AFE9 /* TableViewController.h */,
				AAA45D921EA175230031AFE9 /* TableViewController.m */,
				AAA45D941EA175360031AFE9 /* TableViewCell.h */,
				AAA45D951EA175360031AFE9 /* TableViewCell.m */,
				AAD408771EA1963800261097 /* DetailViewController.h */,
				AAD408781EA1963800261097 /* DetailViewController.m */,
			);
			path = LondonLandmarks;
			sourceTree = "<group>";
		};
		AA61A68D1EA1708900E65595 /* Supporting Files */ = {
			isa = PBXGroup;
			children = (
				AA61A68E1EA1708900E65595 /* main.m */,
			);
			name = "Supporting Files";
			sourceTree = "<group>";
		};
		AA61A6A61EA1708C00E65595 /* LondonLandmarksTests */ = {
			isa = PBXGroup;
			children = (
				AA61A6A71EA1708D00E65595 /* LondonLandmarksTests.m */,
				AA61A6A91EA1708E00E65595 /* Info.plist */,
			);
			path = LondonLandmarksTests;
			sourceTree = "<group>";
		};
		AA61A6B11EA1708E00E65595 /* LondonLandmarksUITests */ = {
			isa = PBXGroup;
			children = (
				AA61A6B21EA1708E00E65595 /* LondonLandmarksUITests.m */,
				AA61A6B41EA1708E00E65595 /* Info.plist */,
			);
			path = LondonLandmarksUITests;
			sourceTree = "<group>";
		};
		AAD4087A1EA197D200261097 /* Frameworks */ = {
			isa = PBXGroup;
			children = (
				AAD4087B1EA197D300261097 /* MapKit.framework */,
			);
			name = Frameworks;
			sourceTree = "<group>";
		};
/* End PBXGroup section */

/* Begin PBXNativeTarget section */
		AA61A6891EA1708900E65595 /* LondonLandmarks */ = {
			isa = PBXNativeTarget;
			buildConfigurationList = AA61A6B71EA1708E00E65595 /* Build configuration list for PBXNativeTarget "LondonLandmarks" */;
			buildPhases = (
				AA61A6861EA1708900E65595 /* Sources */,
				AA61A6871EA1708900E65595 /* Frameworks */,
				AA61A6881EA1708900E65595 /* Resources */,
			);
			buildRules = (
			);
			dependencies = (
			);
			name = LondonLandmarks;
			productName = LondonLandmarks;
			productReference = AA61A68A1EA1708900E65595 /* LondonLandmarks.app */;
			productType = "com.apple.product-type.application";
		};
		AA61A6A21EA1708C00E65595 /* LondonLandmarksTests */ = {
			isa = PBXNativeTarget;
			buildConfigurationList = AA61A6BA1EA1708E00E65595 /* Build configuration list for PBXNativeTarget "LondonLandmarksTests" */;
			buildPhases = (
				AA61A69F1EA1708C00E65595 /* Sources */,
				AA61A6A01EA1708C00E65595 /* Frameworks */,
				AA61A6A11EA1708C00E65595 /* Resources */,
			);
			buildRules = (
			);
			dependencies = (
				AA61A6A51EA1708C00E65595 /* PBXTargetDependency */,
			);
			name = LondonLandmarksTests;
			productName = LondonLandmarksTests;
			productReference = AA61A6A31EA1708C00E65595 /* LondonLandmarksTests.xctest */;
			productType = "com.apple.product-type.bundle.unit-test";
		};
		AA61A6AD1EA1708E00E65595 /* LondonLandmarksUITests */ = {
			isa = PBXNativeTarget;
			buildConfigurationList = AA61A6BD1EA1708E00E65595 /* Build configuration list for PBXNativeTarget "LondonLandmarksUITests" */;
			buildPhases = (
				AA61A6AA1EA1708E00E65595 /* Sources */,
				AA61A6AB1EA1708E00E65595 /* Frameworks */,
				AA61A6AC1EA1708E00E65595 /* Resources */,
			);
			buildRules = (
			);
			dependencies = (
				AA61A6B01EA1708E00E65595 /* PBXTargetDependency */,
			);
			name = LondonLandmarksUITests;
			productName = LondonLandmarksUITests;
			productReference = AA61A6AE1EA1708E00E65595 /* LondonLandmarksUITests.xctest */;
			productType = "com.apple.product-type.bundle.ui-testing";
		};
/* End PBXNativeTarget section */

/* Begin PBXProject section */
		AA61A6821EA1708900E65595 /* Project object */ = {
			isa = PBXProject;
			attributes = {
				LastUpgradeCheck = 0830;
				ORGANIZATIONNAME = "James Volmert";
				TargetAttributes = {
					AA61A6891EA1708900E65595 = {
						CreatedOnToolsVersion = 8.3.1;
						ProvisioningStyle = Automatic;
					};
					AA61A6A21EA1708C00E65595 = {
						CreatedOnToolsVersion = 8.3.1;
						ProvisioningStyle = Automatic;
						TestTargetID = AA61A6891EA1708900E65595;
					};
					AA61A6AD1EA1708E00E65595 = {
						CreatedOnToolsVersion = 8.3.1;
						ProvisioningStyle = Automatic;
						TestTargetID = AA61A6891EA1708900E65595;
					};
				};
			};
			buildConfigurationList = AA61A6851EA1708900E65595 /* Build configuration list for PBXProject "LondonLandmarks" */;
			compatibilityVersion = "Xcode 3.2";
			developmentRegion = English;
			hasScannedForEncodings = 0;
			knownRegions = (
				en,
				Base,
			);
			mainGroup = AA61A6811EA1708900E65595;
			productRefGroup = AA61A68B1EA1708900E65595 /* Products */;
			projectDirPath = "";
			projectRoot = "";
			targets = (
				AA61A6891EA1708900E65595 /* LondonLandmarks */,
				AA61A6A21EA1708C00E65595 /* LondonLandmarksTests */,
				AA61A6AD1EA1708E00E65595 /* LondonLandmarksUITests */,
			);
		};
/* End PBXProject section */

/* Begin PBXResourcesBuildPhase section */
		AA61A6881EA1708900E65595 /* Resources */ = {
			isa = PBXResourcesBuildPhase;
			buildActionMask = 2147483647;
			files = (
				AA61A69D1EA1708B00E65595 /* LaunchScreen.storyboard in Resources */,
				AA61A69A1EA1708B00E65595 /* Assets.xcassets in Resources */,
				AA61A6981EA1708B00E65595 /* Main.storyboard in Resources */,
			);
			runOnlyForDeploymentPostprocessing = 0;
		};
		AA61A6A11EA1708C00E65595 /* Resources */ = {
			isa = PBXResourcesBuildPhase;
			buildActionMask = 2147483647;
			files = (
			);
			runOnlyForDeploymentPostprocessing = 0;
		};
		AA61A6AC1EA1708E00E65595 /* Resources */ = {
			isa = PBXResourcesBuildPhase;
			buildActionMask = 2147483647;
			files = (
			);
			runOnlyForDeploymentPostprocessing = 0;
		};
/* End PBXResourcesBuildPhase section */

/* Begin PBXSourcesBuildPhase section */
		AA61A6861EA1708900E65595 /* Sources */ = {
			isa = PBXSourcesBuildPhase;
			buildActionMask = 2147483647;
			files = (
				AAD408791EA1963800261097 /* DetailViewController.m in Sources */,
				AA61A6921EA1708A00E65595 /* AppDelegate.m in Sources */,
				AAA45D961EA175360031AFE9 /* TableViewCell.m in Sources */,
				AAA45D931EA175230031AFE9 /* TableViewController.m in Sources */,
				AA61A68F1EA1708900E65595 /* main.m in Sources */,
			);
			runOnlyForDeploymentPostprocessing = 0;
		};
		AA61A69F1EA1708C00E65595 /* Sources */ = {
			isa = PBXSourcesBuildPhase;
			buildActionMask = 2147483647;
			files = (
				AA61A6A81EA1708D00E65595 /* LondonLandmarksTests.m in Sources */,
			);
			runOnlyForDeploymentPostprocessing = 0;
		};
		AA61A6AA1EA1708E00E65595 /* Sources */ = {
			isa = PBXSourcesBuildPhase;
			buildActionMask = 2147483647;
			files = (
				AA61A6B31EA1708E00E65595 /* LondonLandmarksUITests.m in Sources */,
			);
			runOnlyForDeploymentPostprocessing = 0;
		};
/* End PBXSourcesBuildPhase section */

/* Begin PBXTargetDependency section */
		AA61A6A51EA1708C00E65595 /* PBXTargetDependency */ = {
			isa = PBXTargetDependency;
			target = AA61A6891EA1708900E65595 /* LondonLandmarks */;
			targetProxy = AA61A6A41EA1708C00E65595 /* PBXContainerItemProxy */;
		};
		AA61A6B01EA1708E00E65595 /* PBXTargetDependency */ = {
			isa = PBXTargetDependency;
			target = AA61A6891EA1708900E65595 /* LondonLandmarks */;
			targetProxy = AA61A6AF1EA1708E00E65595 /* PBXContainerItemProxy */;
		};
/* End PBXTargetDependency section */

/* Begin PBXVariantGroup section */
		AA61A6961EA1708B00E65595 /* Main.storyboard */ = {
			isa = PBXVariantGroup;
			children = (
				AA61A6971EA1708B00E65595 /* Base */,
			);
			name = Main.storyboard;
			sourceTree = "<group>";
		};
		AA61A69B1EA1708B00E65595 /* LaunchScreen.storyboard */ = {
			isa = PBXVariantGroup;
			children = (
				AA61A69C1EA1708B00E65595 /* Base */,
			);
			name = LaunchScreen.storyboard;
			sourceTree = "<group>";
		};
/* End PBXVariantGroup section */

/* Begin XCBuildConfiguration section */
		AA61A6B51EA1708E00E65595 /* Debug */ = {
			isa = XCBuildConfiguration;
			buildSettings = {
				ALWAYS_SEARCH_USER_PATHS = NO;
				CLANG_ANALYZER_NONNULL = YES;
				CLANG_ANALYZER_NUMBER_OBJECT_CONVERSION = YES_AGGRESSIVE;
				CLANG_CXX_LANGUAGE_STANDARD = "gnu++0x";
				CLANG_CXX_LIBRARY = "libc++";
				CLANG_ENABLE_MODULES = YES;
				CLANG_ENABLE_OBJC_ARC = YES;
				CLANG_WARN_BOOL_CONVERSION = YES;
				CLANG_WARN_CONSTANT_CONVERSION = YES;
				CLANG_WARN_DIRECT_OBJC_ISA_USAGE = YES_ERROR;
				CLANG_WARN_DOCUMENTATION_COMMENTS = YES;
				CLANG_WARN_EMPTY_BODY = YES;
				CLANG_WARN_ENUM_CONVERSION = YES;
				CLANG_WARN_INFINITE_RECURSION = YES;
				CLANG_WARN_INT_CONVERSION = YES;
				CLANG_WARN_OBJC_ROOT_CLASS = YES_ERROR;
				CLANG_WARN_SUSPICIOUS_MOVE = YES;
				CLANG_WARN_UNREACHABLE_CODE = YES;
				CLANG_WARN__DUPLICATE_METHOD_MATCH = YES;
				"CODE_SIGN_IDENTITY[sdk=iphoneos*]" = "iPhone Developer";
				COPY_PHASE_STRIP = NO;
				DEBUG_INFORMATION_FORMAT = dwarf;
				ENABLE_STRICT_OBJC_MSGSEND = YES;
				ENABLE_TESTABILITY = YES;
				GCC_C_LANGUAGE_STANDARD = gnu99;
				GCC_DYNAMIC_NO_PIC = NO;
				GCC_NO_COMMON_BLOCKS = YES;
				GCC_OPTIMIZATION_LEVEL = 0;
				GCC_PREPROCESSOR_DEFINITIONS = (
					"DEBUG=1",
					"$(inherited)",
				);
				GCC_WARN_64_TO_32_BIT_CONVERSION = YES;
				GCC_WARN_ABOUT_RETURN_TYPE = YES_ERROR;
				GCC_WARN_UNDECLARED_SELECTOR = YES;
				GCC_WARN_UNINITIALIZED_AUTOS = YES_AGGRESSIVE;
				GCC_WARN_UNUSED_FUNCTION = YES;
				GCC_WARN_UNUSED_VARIABLE = YES;
				IPHONEOS_DEPLOYMENT_TARGET = 10.3;
				MTL_ENABLE_DEBUG_INFO = YES;
				ONLY_ACTIVE_ARCH = YES;
				SDKROOT = iphoneos;
				TARGETED_DEVICE_FAMILY = "1,2";
			};
			name = Debug;
		};
		AA61A6B61EA1708E00E65595 /* Release */ = {
			isa = XCBuildConfiguration;
			buildSettings = {
				ALWAYS_SEARCH_USER_PATHS = NO;
				CLANG_ANALYZER_NONNULL = YES;
				CLANG_ANALYZER_NUMBER_OBJECT_CONVERSION = YES_AGGRESSIVE;
				CLANG_CXX_LANGUAGE_STANDARD = "gnu++0x";
				CLANG_CXX_LIBRARY = "libc++";
				CLANG_ENABLE_MODULES = YES;
				CLANG_ENABLE_OBJC_ARC = YES;
				CLANG_WARN_BOOL_CONVERSION = YES;
				CLANG_WARN_CONSTANT_CONVERSION = YES;
				CLANG_WARN_DIRECT_OBJC_ISA_USAGE = YES_ERROR;
				CLANG_WARN_DOCUMENTATION_COMMENTS = YES;
				CLANG_WARN_EMPTY_BODY = YES;
				CLANG_WARN_ENUM_CONVERSION = YES;
				CLANG_WARN_INFINITE_RECURSION = YES;
				CLANG_WARN_INT_CONVERSION = YES;
				CLANG_WARN_OBJC_ROOT_CLASS = YES_ERROR;
				CLANG_WARN_SUSPICIOUS_MOVE = YES;
				CLANG_WARN_UNREACHABLE_CODE = YES;
				CLANG_WARN__DUPLICATE_METHOD_MATCH = YES;
				"CODE_SIGN_IDENTITY[sdk=iphoneos*]" = "iPhone Developer";
				COPY_PHASE_STRIP = NO;
				DEBUG_INFORMATION_FORMAT = "dwarf-with-dsym";
				ENABLE_NS_ASSERTIONS = NO;
				ENABLE_STRICT_OBJC_MSGSEND = YES;
				GCC_C_LANGUAGE_STANDARD = gnu99;
				GCC_NO_COMMON_BLOCKS = YES;
				GCC_WARN_64_TO_32_BIT_CONVERSION = YES;
				GCC_WARN_ABOUT_RETURN_TYPE = YES_ERROR;
				GCC_WARN_UNDECLARED_SELECTOR = YES;
				GCC_WARN_UNINITIALIZED_AUTOS = YES_AGGRESSIVE;
				GCC_WARN_UNUSED_FUNCTION = YES;
				GCC_WARN_UNUSED_VARIABLE = YES;
				IPHONEOS_DEPLOYMENT_TARGET = 10.3;
				MTL_ENABLE_DEBUG_INFO = NO;
				SDKROOT = iphoneos;
				TARGETED_DEVICE_FAMILY = "1,2";
				VALIDATE_PRODUCT = YES;
			};
			name = Release;
		};
		AA61A6B81EA1708E00E65595 /* Debug */ = {
			isa = XCBuildConfiguration;
			buildSettings = {
				ASSETCATALOG_COMPILER_APPICON_NAME = AppIcon;
				INFOPLIST_FILE = LondonLandmarks/Info.plist;
				LD_RUNPATH_SEARCH_PATHS = "$(inherited) @executable_path/Frameworks";
				PRODUCT_BUNDLE_IDENTIFIER = vhg.LondonLandmarks;
				PRODUCT_NAME = "$(TARGET_NAME)";
			};
			name = Debug;
		};
		AA61A6B91EA1708E00E65595 /* Release */ = {
			isa = XCBuildConfiguration;
			buildSettings = {
				ASSETCATALOG_COMPILER_APPICON_NAME = AppIcon;
				INFOPLIST_FILE = LondonLandmarks/Info.plist;
				LD_RUNPATH_SEARCH_PATHS = "$(inherited) @executable_path/Frameworks";
				PRODUCT_BUNDLE_IDENTIFIER = vhg.LondonLandmarks;
				PRODUCT_NAME = "$(TARGET_NAME)";
			};
			name = Release;
		};
		AA61A6BB1EA1708E00E65595 /* Debug */ = {
			isa = XCBuildConfiguration;
			buildSettings = {
				BUNDLE_LOADER = "$(TEST_HOST)";
				INFOPLIST_FILE = LondonLandmarksTests/Info.plist;
				LD_RUNPATH_SEARCH_PATHS = "$(inherited) @executable_path/Frameworks @loader_path/Frameworks";
				PRODUCT_BUNDLE_IDENTIFIER = vhg.LondonLandmarksTests;
				PRODUCT_NAME = "$(TARGET_NAME)";
				TEST_HOST = "$(BUILT_PRODUCTS_DIR)/LondonLandmarks.app/LondonLandmarks";
			};
			name = Debug;
		};
		AA61A6BC1EA1708E00E65595 /* Release */ = {
			isa = XCBuildConfiguration;
			buildSettings = {
				BUNDLE_LOADER = "$(TEST_HOST)";
				INFOPLIST_FILE = LondonLandmarksTests/Info.plist;
				LD_RUNPATH_SEARCH_PATHS = "$(inherited) @executable_path/Frameworks @loader_path/Frameworks";
				PRODUCT_BUNDLE_IDENTIFIER = vhg.LondonLandmarksTests;
				PRODUCT_NAME = "$(TARGET_NAME)";
				TEST_HOST = "$(BUILT_PRODUCTS_DIR)/LondonLandmarks.app/LondonLandmarks";
			};
			name = Release;
		};
		AA61A6BE1EA1708E00E65595 /* Debug */ = {
			isa = XCBuildConfiguration;
			buildSettings = {
				INFOPLIST_FILE = LondonLandmarksUITests/Info.plist;
				LD_RUNPATH_SEARCH_PATHS = "$(inherited) @executable_path/Frameworks @loader_path/Frameworks";
				PRODUCT_BUNDLE_IDENTIFIER = vhg.LondonLandmarksUITests;
				PRODUCT_NAME = "$(TARGET_NAME)";
				TEST_TARGET_NAME = LondonLandmarks;
			};
			name = Debug;
		};
		AA61A6BF1EA1708E00E65595 /* Release */ = {
			isa = XCBuildConfiguration;
			buildSettings = {
				INFOPLIST_FILE = LondonLandmarksUITests/Info.plist;
				LD_RUNPATH_SEARCH_PATHS = "$(inherited) @executable_path/Frameworks @loader_path/Frameworks";
				PRODUCT_BUNDLE_IDENTIFIER = vhg.LondonLandmarksUITests;
				PRODUCT_NAME = "$(TARGET_NAME)";
				TEST_TARGET_NAME = LondonLandmarks;
			};
			name = Release;
		};
/* End XCBuildConfiguration section */

/* Begin XCConfigurationList section */
		AA61A6851EA1708900E65595 /* Build configuration list for PBXProject "LondonLandmarks" */ = {
			isa = XCConfigurationList;
			buildConfigurations = (
				AA61A6B51EA1708E00E65595 /* Debug */,
				AA61A6B61EA1708E00E65595 /* Release */,
			);
			defaultConfigurationIsVisible = 0;
			defaultConfigurationName = Release;
		};
		AA61A6B71EA1708E00E65595 /* Build configuration list for PBXNativeTarget "LondonLandmarks" */ = {
			isa = XCConfigurationList;
			buildConfigurations = (
				AA61A6B81EA1708E00E65595 /* Debug */,
				AA61A6B91EA1708E00E65595 /* Release */,
			);
			defaultConfigurationIsVisible = 0;
			defaultConfigurationName = Release;
		};
		AA61A6BA1EA1708E00E65595 /* Build configuration list for PBXNativeTarget "LondonLandmarksTests" */ = {
			isa = XCConfigurationList;
			buildConfigurations = (
				AA61A6BB1EA1708E00E65595 /* Debug */,
				AA61A6BC1EA1708E00E65595 /* Release */,
			);
			defaultConfigurationIsVisible = 0;
			defaultConfigurationName = Release;
		};
		AA61A6BD1EA1708E00E65595 /* Build configuration list for PBXNativeTarget "LondonLandmarksUITests" */ = {
			isa = XCConfigurationList;
			buildConfigurations = (
				AA61A6BE1EA1708E00E65595 /* Debug */,
				AA61A6BF1EA1708E00E65595 /* Release */,
			);
			defaultConfigurationIsVisible = 0;
			defaultConfigurationName = Release;
		};
/* End XCConfigurationList section */
	};
	rootObject = AA61A6821EA1708900E65595 /* Project object */;
}
